
Microsoft Visual Studio Solution File, Format Version 12.00
# Visual Studio 15
VisualStudioVersion = 15.0.25807.0
MinimumVisualStudioVersion = 10.0.40219.1
Project("{2150E333-8FDC-42A3-9474-1A3956D46DE8}") = "Engine", "Engine", "{BD4FC89D-04B7-46B4-879E-2A465ABD5D50}"
EndProject
Project("{2150E333-8FDC-42A3-9474-1A3956D46DE8}") = "Games", "Games", "{52D236E5-5D9C-4F30-877A-18BFC04DE6AF}"
EndProject
Project("{8BC9CEB8-8B4A-11D0-8D11-00A0C91BC942}") = "UE4", "Intermediate\ProjectFiles\UE4.vcxproj", "{C6FD9445-C4DA-4F1A-A9AB-1EED6CF807F4}"
EndProject
Project("{8BC9CEB8-8B4A-11D0-8D11-00A0C91BC942}") = "BowRogue", "Intermediate\ProjectFiles\BowRogue.vcxproj", "{AB64DEB6-F554-4752-8979-074FB4341455}"
EndProject
Project("{2150E333-8FDC-42A3-9474-1A3956D46DE8}") = "Visualizers", "Visualizers", "{426B5A60-DDE9-40E0-AED8-627C3295620A}"
	ProjectSection(SolutionItems) = preProject
		..\..\..\Programs\Unreal Engine\UE_4.23\Engine\Extras\VisualStudioDebugging\UE4.natvis = ..\..\..\Programs\Unreal Engine\UE_4.23\Engine\Extras\VisualStudioDebugging\UE4.natvis
	EndProjectSection
EndProject
Global
	GlobalSection(SolutionConfigurationPlatforms) = preSolution
		DebugGame Editor|HTML5 = DebugGame Editor|HTML5
		DebugGame Editor|Win32 = DebugGame Editor|Win32
		DebugGame Editor|Win64 = DebugGame Editor|Win64
		DebugGame|HTML5 = DebugGame|HTML5
		DebugGame|Win32 = DebugGame|Win32
		DebugGame|Win64 = DebugGame|Win64
		Development Editor|HTML5 = Development Editor|HTML5
		Development Editor|Win32 = Development Editor|Win32
		Development Editor|Win64 = Development Editor|Win64
		Development|HTML5 = Development|HTML5
		Development|Win32 = Development|Win32
		Development|Win64 = Development|Win64
		Shipping|HTML5 = Shipping|HTML5
		Shipping|Win32 = Shipping|Win32
		Shipping|Win64 = Shipping|Win64
	EndGlobalSection
	GlobalSection(ProjectConfigurationPlatforms) = postSolution
		{C6FD9445-C4DA-4F1A-A9AB-1EED6CF807F4}.DebugGame Editor|HTML5.ActiveCfg = BuiltWithUnrealBuildTool|Win32
		{C6FD9445-C4DA-4F1A-A9AB-1EED6CF807F4}.DebugGame Editor|Win32.ActiveCfg = BuiltWithUnrealBuildTool|Win32
		{C6FD9445-C4DA-4F1A-A9AB-1EED6CF807F4}.DebugGame Editor|Win64.ActiveCfg = BuiltWithUnrealBuildTool|Win32
		{C6FD9445-C4DA-4F1A-A9AB-1EED6CF807F4}.DebugGame|HTML5.ActiveCfg = BuiltWithUnrealBuildTool|Win32
		{C6FD9445-C4DA-4F1A-A9AB-1EED6CF807F4}.DebugGame|Win32.ActiveCfg = BuiltWithUnrealBuildTool|Win32
		{C6FD9445-C4DA-4F1A-A9AB-1EED6CF807F4}.DebugGame|Win64.ActiveCfg = BuiltWithUnrealBuildTool|Win32
		{C6FD9445-C4DA-4F1A-A9AB-1EED6CF807F4}.Development Editor|HTML5.ActiveCfg = BuiltWithUnrealBuildTool|Win32
		{C6FD9445-C4DA-4F1A-A9AB-1EED6CF807F4}.Development Editor|Win32.ActiveCfg = BuiltWithUnrealBuildTool|Win32
		{C6FD9445-C4DA-4F1A-A9AB-1EED6CF807F4}.Development Editor|Win64.ActiveCfg = BuiltWithUnrealBuildTool|Win32
		{C6FD9445-C4DA-4F1A-A9AB-1EED6CF807F4}.Development|HTML5.ActiveCfg = BuiltWithUnrealBuildTool|Win32
		{C6FD9445-C4DA-4F1A-A9AB-1EED6CF807F4}.Development|Win32.ActiveCfg = BuiltWithUnrealBuildTool|Win32
		{C6FD9445-C4DA-4F1A-A9AB-1EED6CF807F4}.Development|Win64.ActiveCfg = BuiltWithUnrealBuildTool|Win32
		{C6FD9445-C4DA-4F1A-A9AB-1EED6CF807F4}.Shipping|HTML5.ActiveCfg = BuiltWithUnrealBuildTool|Win32
		{C6FD9445-C4DA-4F1A-A9AB-1EED6CF807F4}.Shipping|Win32.ActiveCfg = BuiltWithUnrealBuildTool|Win32
		{C6FD9445-C4DA-4F1A-A9AB-1EED6CF807F4}.Shipping|Win64.ActiveCfg = BuiltWithUnrealBuildTool|Win32
		{AB64DEB6-F554-4752-8979-074FB4341455}.DebugGame Editor|HTML5.ActiveCfg = Invalid|Win32
		{AB64DEB6-F554-4752-8979-074FB4341455}.DebugGame Editor|Win32.ActiveCfg = Invalid|Win32
		{AB64DEB6-F554-4752-8979-074FB4341455}.DebugGame Editor|Win64.ActiveCfg = DebugGame_Editor|x64
		{AB64DEB6-F554-4752-8979-074FB4341455}.DebugGame Editor|Win64.Build.0 = DebugGame_Editor|x64
		{AB64DEB6-F554-4752-8979-074FB4341455}.DebugGame|HTML5.ActiveCfg = HTML5_DebugGame|Win32
		{AB64DEB6-F554-4752-8979-074FB4341455}.DebugGame|HTML5.Build.0 = HTML5_DebugGame|Win32
		{AB64DEB6-F554-4752-8979-074FB4341455}.DebugGame|Win32.ActiveCfg = DebugGame|Win32
		{AB64DEB6-F554-4752-8979-074FB4341455}.DebugGame|Win32.Build.0 = DebugGame|Win32
		{AB64DEB6-F554-4752-8979-074FB4341455}.DebugGame|Win64.ActiveCfg = DebugGame|x64
		{AB64DEB6-F554-4752-8979-074FB4341455}.DebugGame|Win64.Build.0 = DebugGame|x64
		{AB64DEB6-F554-4752-8979-074FB4341455}.Development Editor|HTML5.ActiveCfg = Invalid|Win32
		{AB64DEB6-F554-4752-8979-074FB4341455}.Development Editor|Win32.ActiveCfg = Invalid|Win32
		{AB64DEB6-F554-4752-8979-074FB4341455}.Development Editor|Win64.ActiveCfg = Development_Editor|x64
		{AB64DEB6-F554-4752-8979-074FB4341455}.Development Editor|Win64.Build.0 = Development_Editor|x64
		{AB64DEB6-F554-4752-8979-074FB4341455}.Development|HTML5.ActiveCfg = HTML5_Development|Win32
		{AB64DEB6-F554-4752-8979-074FB4341455}.Development|HTML5.Build.0 = HTML5_Development|Win32
		{AB64DEB6-F554-4752-8979-074FB4341455}.Development|Win32.ActiveCfg = Development|Win32
		{AB64DEB6-F554-4752-8979-074FB4341455}.Development|Win32.Build.0 = Development|Win32
		{AB64DEB6-F554-4752-8979-074FB4341455}.Development|Win64.ActiveCfg = Development|x64
		{AB64DEB6-F554-4752-8979-074FB4341455}.Development|Win64.Build.0 = Development|x64
		{AB64DEB6-F554-4752-8979-074FB4341455}.Shipping|HTML5.ActiveCfg = HTML5_Shipping|Win32
		{AB64DEB6-F554-4752-8979-074FB4341455}.Shipping|HTML5.Build.0 = HTML5_Shipping|Win32
		{AB64DEB6-F554-4752-8979-074FB4341455}.Shipping|Win32.ActiveCfg = Shipping|Win32
		{AB64DEB6-F554-4752-8979-074FB4341455}.Shipping|Win32.Build.0 = Shipping|Win32
		{AB64DEB6-F554-4752-8979-074FB4341455}.Shipping|Win64.ActiveCfg = Shipping|x64
		{AB64DEB6-F554-4752-8979-074FB4341455}.Shipping|Win64.Build.0 = Shipping|x64
	EndGlobalSection
	GlobalSection(SolutionProperties) = preSolution
		HideSolutionNode = FALSE
	EndGlobalSection
	GlobalSection(NestedProjects) = preSolution
		{C6FD9445-C4DA-4F1A-A9AB-1EED6CF807F4} = {BD4FC89D-04B7-46B4-879E-2A465ABD5D50}
		{AB64DEB6-F554-4752-8979-074FB4341455} = {52D236E5-5D9C-4F30-877A-18BFC04DE6AF}
	EndGlobalSection
EndGlobal
